PODS:
  - Bolts (1.8.4):
    - Bolts/AppLinks (= 1.8.4)
    - Bolts/Tasks (= 1.8.4)
  - Bolts/AppLinks (1.8.4):
    - Bolts/Tasks
  - Bolts/Tasks (1.8.4)
  - Cartography (1.1.0)
  - Crashlytics (3.8.4):
    - Fabric (~> 1.6.3)
  - Fabric (1.6.11)
  - FBSDKCoreKit (4.22.1):
    - Bolts (~> 1.7)
  - FBSDKLoginKit (4.22.1):
    - FBSDKCoreKit
  - Firebase/Auth (4.0.0):
    - Firebase/Core
    - FirebaseAuth (= 4.0.0)
  - Firebase/Core (4.0.0):
    - FirebaseAnalytics (= 4.0.0)
    - FirebaseCore (= 4.0.0)
  - Firebase/Database (4.0.0):
    - Firebase/Core
    - FirebaseDatabase (= 4.0.0)
  - Firebase/Storage (4.0.0):
    - Firebase/Core
    - FirebaseStorage (= 2.0.0)
  - FirebaseAnalytics (4.0.0):
    - FirebaseCore (~> 4.0)
    - FirebaseInstanceID (~> 2.0)
    - GoogleToolboxForMac/NSData+zlib (~> 2.1)
  - FirebaseAuth (4.0.0):
    - FirebaseAnalytics (~> 4.0)
    - GoogleToolboxForMac/NSDictionary+URLArguments (~> 2.1)
    - GTMSessionFetcher/Core (~> 1.1)
  - FirebaseCore (4.0.0):
    - GoogleToolboxForMac/NSData+zlib (~> 2.1)
  - FirebaseDatabase (4.0.0):
    - FirebaseAnalytics (~> 4.0)
  - FirebaseInstanceID (2.0.0):
    - FirebaseCore (~> 4.0)
  - FirebaseStorage (2.0.0):
    - FirebaseAnalytics (~> 4.0)
    - FirebaseCore (~> 4.0)
    - GTMSessionFetcher/Core (~> 1.1)
  - FirebaseUI (0.7.0):
    - FirebaseUI/All (= 0.7.0)
  - FirebaseUI/All (0.7.0):
    - FirebaseUI/Auth
    - FirebaseUI/Database
    - FirebaseUI/Facebook
    - FirebaseUI/Google
    - FirebaseUI/Storage
    - FirebaseUI/Twitter
  - FirebaseUI/Auth (0.7.0):
    - Firebase/Auth
  - FirebaseUI/Database (0.7.0):
    - Firebase/Database
  - FirebaseUI/Facebook (0.7.0):
    - FBSDKLoginKit (~> 4.0)
    - FirebaseUI/Auth
  - FirebaseUI/Google (0.7.0):
    - FirebaseUI/Auth
    - GoogleSignIn (~> 4.0)
  - FirebaseUI/Storage (0.7.0):
    - Firebase/Storage
    - SDWebImage
  - FirebaseUI/Twitter (0.7.0):
    - FirebaseUI/Auth
    - TwitterKit (~> 2.4)
  - GoogleSignIn (4.0.2):
    - GoogleToolboxForMac/NSDictionary+URLArguments (~> 2.1)
    - GoogleToolboxForMac/NSString+URLArguments (~> 2.1)
    - GTMOAuth2 (~> 1.0)
    - GTMSessionFetcher/Core (~> 1.1)
  - GoogleToolboxForMac/DebugUtils (2.1.1):
    - GoogleToolboxForMac/Defines (= 2.1.1)
  - GoogleToolboxForMac/Defines (2.1.1)
  - GoogleToolboxForMac/NSData+zlib (2.1.1):
    - GoogleToolboxForMac/Defines (= 2.1.1)
  - GoogleToolboxForMac/NSDictionary+URLArguments (2.1.1):
    - GoogleToolboxForMac/DebugUtils (= 2.1.1)
    - GoogleToolboxForMac/Defines (= 2.1.1)
    - GoogleToolboxForMac/NSString+URLArguments (= 2.1.1)
  - GoogleToolboxForMac/NSString+URLArguments (2.1.1)
  - GTMOAuth2 (1.1.4):
    - GTMSessionFetcher (~> 1.1)
  - GTMSessionFetcher (1.1.10):
    - GTMSessionFetcher/Full (= 1.1.10)
  - GTMSessionFetcher/Core (1.1.10)
  - GTMSessionFetcher/Full (1.1.10):
    - GTMSessionFetcher/Core (= 1.1.10)
  - Hue (1.2.0)
  - MBProgressHUD (0.9.2)
  - Pages (1.0.0)
  - Presentation (3.1.0):
    - Cartography
    - Pages
  - Realm (2.7.0):
    - Realm/Headers (= 2.7.0)
  - Realm/Headers (2.7.0)
  - RealmSwift (2.7.0):
    - Realm (= 2.7.0)
  - SDWebImage (4.0.0):
    - SDWebImage/Core (= 4.0.0)
  - SDWebImage/Core (4.0.0)
  - SwiftyGif (3.0.3)
  - SwiftyJSON (3.1.4)
  - TKSwarmAlert (0.0.4)
  - TwitterCore (2.8.0):
    - Fabric
  - TwitterKit (2.8.1):
    - TwitterCore (>= 2.8)
  - UIImageColors (1.1.1)

DEPENDENCIES:
  - Crashlytics
  - Fabric
  - Firebase/Core
  - FirebaseUI (~> 0.7)
  - Hue (from `https://github.com/hyperoslo/Hue`, branch `swift3`)
  - MBProgressHUD (~> 0.9.2)
  - Presentation (from `../Presentation`)
  - RealmSwift
  - SwiftyGif
  - SwiftyJSON
  - TKSwarmAlert (from `~/Development/TKSwarmAlert/`)
  - UIImageColors (from `https://github.com/luizdias/UIImageColors.git`)

EXTERNAL SOURCES:
  Hue:
    :branch: swift3
    :git: https://github.com/hyperoslo/Hue
  Presentation:
    :path: ../Presentation
  TKSwarmAlert:
    :path: ~/Development/TKSwarmAlert/
  UIImageColors:
    :git: https://github.com/luizdias/UIImageColors.git

CHECKOUT OPTIONS:
  Hue:
    :commit: 3303cbcdf0f771aea1a6d1a153e4b95eef8696eb
    :git: https://github.com/hyperoslo/Hue
  UIImageColors:
    :commit: b9710fdb58dcc9fd7d44e9410844358126e6bd80
    :git: https://github.com/luizdias/UIImageColors.git

SPEC CHECKSUMS:
  Bolts: 8a7995239dbe724f9cba2248b766d48b7ebdd322
  Cartography: 0538ccb4044acbbda2266335fc58cb4228794d90
  Crashlytics: 79e236942ca1e7fc641df1feb9a275360a78ab6a
  Fabric: 5911403591946b8228ab1c51d98f1d7137e863c6
  FBSDKCoreKit: 9c2daf0162214d6d2e21cf8208a9c6c2a2e42b9c
  FBSDKLoginKit: 00cf28916b9f0169763a3d61985d745b579fe304
  Firebase: 284eea779b73fdff309791817da7c68bff8dd572
  FirebaseAnalytics: 6f08e746f7d66f5452931bc2e822b5df9c66b64a
  FirebaseAuth: ebb6abcbabae00fc47446d690c19ce68d8484fde
  FirebaseCore: 85ad466044c2f013cdb167f85d426d15b128114a
  FirebaseDatabase: d829b3a8c3e2ac7a16773c5df226966b0805dfc2
  FirebaseInstanceID: 9fbf536668f4d3f0880e7438456dabd1376e294b
  FirebaseStorage: 8110a1ed2034c8fbfd83890d2acc9cdbbd99afec
  FirebaseUI: 6b22f02b8992fd921116b59e8dcda688c4072517
  GoogleSignIn: d7ad83f13480e1f30453471d00d19b5293ac46af
  GoogleToolboxForMac: 8e329f1b599f2512c6b10676d45736bcc2cbbeb0
  GTMOAuth2: 7fc9c10f5c745f4d9850419ea88889fe3baa6b7d
  GTMSessionFetcher: 30d874b96d0d76028f61fbd122801e3f030d47db
  Hue: 0705083b7aff40334033373e6293ec1215285ac2
  MBProgressHUD: 1569cf7ace17a8bac47aabfbb8580a49690386d1
  Pages: f3718e6f03a5e2787f6b0bff4becb3c7c19bcebc
  Presentation: 07f001419368d0ece73285f238b1dc3852462f23
  Realm: 07e5d3a9e0e41d65fd5f9f05150ed6295d0f093b
  RealmSwift: 6d06425d3900c86473c4f323bf6949b43fca22bc
  SDWebImage: 76a6348bdc74eb5a55dd08a091ef298e56b55e41
  SwiftyGif: 89a0bb19709bdb6990e10405ad456d8bea804a65
  SwiftyJSON: c2842d878f95482ffceec5709abc3d05680c0220
  TKSwarmAlert: 8fe22e7b9beec7e1e5d9506483e8f7c0272767eb
  TwitterCore: e959987be23c767004d29eb7fab8d85d8585a2e5
  TwitterKit: 3b6044a7320340326a4098f3e37aa1dbaeb94942
  UIImageColors: 07ed6ca8953eaf3150ea6069c705b7cc73fb559c

PODFILE CHECKSUM: 0165694f7d88ededa93182798c99c05bd0a40984

COCOAPODS: 1.2.0
